// !$*UTF8*$!
{
	archiveVersion = 1;
	classes = {
	};
	objectVersion = 55;
	objects = {

/* Begin PBXBuildFile section */
		E3B42A7628C64811009EF37E /* OTUS_StarkovGeorgiy_SwiftUIApp.swift in Sources */ = {isa = PBXBuildFile; fileRef = E3B42A7528C64811009EF37E /* OTUS_StarkovGeorgiy_SwiftUIApp.swift */; };
		E3B42A7828C64811009EF37E /* ContentView.swift in Sources */ = {isa = PBXBuildFile; fileRef = E3B42A7728C64811009EF37E /* ContentView.swift */; };
		E3B42A7A28C64812009EF37E /* Assets.xcassets in Resources */ = {isa = PBXBuildFile; fileRef = E3B42A7928C64812009EF37E /* Assets.xcassets */; };
		E3B42A7D28C64812009EF37E /* Preview Assets.xcassets in Resources */ = {isa = PBXBuildFile; fileRef = E3B42A7C28C64812009EF37E /* Preview Assets.xcassets */; };
		E3B42A8628C64C2B009EF37E /* BasketScreen.swift in Sources */ = {isa = PBXBuildFile; fileRef = E3B42A8528C64C2B009EF37E /* BasketScreen.swift */; };
		E3B42A8828C64C37009EF37E /* CatalogScreen.swift in Sources */ = {isa = PBXBuildFile; fileRef = E3B42A8728C64C37009EF37E /* CatalogScreen.swift */; };
		E3B42A8B28C64E90009EF37E /* MainScreen.swift in Sources */ = {isa = PBXBuildFile; fileRef = E3B42A8A28C64E90009EF37E /* MainScreen.swift */; };
		E3B42A8F28C709DA009EF37E /* ShopItemScreen.swift in Sources */ = {isa = PBXBuildFile; fileRef = E3B42A8E28C709DA009EF37E /* ShopItemScreen.swift */; };
		E3B42A9228C70AC7009EF37E /* ShopItemModel.swift in Sources */ = {isa = PBXBuildFile; fileRef = E3B42A9128C70AC7009EF37E /* ShopItemModel.swift */; };
		E3B42A9528C70B2E009EF37E /* ShopItemsViewModel.swift in Sources */ = {isa = PBXBuildFile; fileRef = E3B42A9428C70B2E009EF37E /* ShopItemsViewModel.swift */; };
		E3B42A9828C70F02009EF37E /* ApproveOrderScreen.swift in Sources */ = {isa = PBXBuildFile; fileRef = E3B42A9728C70F02009EF37E /* ApproveOrderScreen.swift */; };
/* End PBXBuildFile section */

/* Begin PBXFileReference section */
		E3B42A7228C64811009EF37E /* OTUS_StarkovGeorgiy_SwiftUI.app */ = {isa = PBXFileReference; explicitFileType = wrapper.application; includeInIndex = 0; path = OTUS_StarkovGeorgiy_SwiftUI.app; sourceTree = BUILT_PRODUCTS_DIR; };
		E3B42A7528C64811009EF37E /* OTUS_StarkovGeorgiy_SwiftUIApp.swift */ = {isa = PBXFileReference; lastKnownFileType = sourcecode.swift; path = OTUS_StarkovGeorgiy_SwiftUIApp.swift; sourceTree = "<group>"; };
		E3B42A7728C64811009EF37E /* ContentView.swift */ = {isa = PBXFileReference; lastKnownFileType = sourcecode.swift; path = ContentView.swift; sourceTree = "<group>"; };
		E3B42A7928C64812009EF37E /* Assets.xcassets */ = {isa = PBXFileReference; lastKnownFileType = folder.assetcatalog; path = Assets.xcassets; sourceTree = "<group>"; };
		E3B42A7C28C64812009EF37E /* Preview Assets.xcassets */ = {isa = PBXFileReference; lastKnownFileType = folder.assetcatalog; path = "Preview Assets.xcassets"; sourceTree = "<group>"; };
		E3B42A8528C64C2B009EF37E /* BasketScreen.swift */ = {isa = PBXFileReference; lastKnownFileType = sourcecode.swift; path = BasketScreen.swift; sourceTree = "<group>"; };
		E3B42A8728C64C37009EF37E /* CatalogScreen.swift */ = {isa = PBXFileReference; lastKnownFileType = sourcecode.swift; path = CatalogScreen.swift; sourceTree = "<group>"; };
		E3B42A8A28C64E90009EF37E /* MainScreen.swift */ = {isa = PBXFileReference; lastKnownFileType = sourcecode.swift; path = MainScreen.swift; sourceTree = "<group>"; };
		E3B42A8E28C709DA009EF37E /* ShopItemScreen.swift */ = {isa = PBXFileReference; lastKnownFileType = sourcecode.swift; path = ShopItemScreen.swift; sourceTree = "<group>"; };
		E3B42A9128C70AC7009EF37E /* ShopItemModel.swift */ = {isa = PBXFileReference; lastKnownFileType = sourcecode.swift; path = ShopItemModel.swift; sourceTree = "<group>"; };
		E3B42A9428C70B2E009EF37E /* ShopItemsViewModel.swift */ = {isa = PBXFileReference; lastKnownFileType = sourcecode.swift; path = ShopItemsViewModel.swift; sourceTree = "<group>"; };
		E3B42A9728C70F02009EF37E /* ApproveOrderScreen.swift */ = {isa = PBXFileReference; lastKnownFileType = sourcecode.swift; path = ApproveOrderScreen.swift; sourceTree = "<group>"; };
/* End PBXFileReference section */

/* Begin PBXFrameworksBuildPhase section */
		E3B42A6F28C64811009EF37E /* Frameworks */ = {
			isa = PBXFrameworksBuildPhase;
			buildActionMask = 2147483647;
			files = (
			);
			runOnlyForDeploymentPostprocessing = 0;
		};
/* End PBXFrameworksBuildPhase section */

/* Begin PBXGroup section */
		E3B42A6928C64811009EF37E = {
			isa = PBXGroup;
			children = (
				E3B42A7428C64811009EF37E /* OTUS_StarkovGeorgiy_SwiftUI */,
				E3B42A7328C64811009EF37E /* Products */,
			);
			sourceTree = "<group>";
		};
		E3B42A7328C64811009EF37E /* Products */ = {
			isa = PBXGroup;
			children = (
				E3B42A7228C64811009EF37E /* OTUS_StarkovGeorgiy_SwiftUI.app */,
			);
			name = Products;
			sourceTree = "<group>";
		};
		E3B42A7428C64811009EF37E /* OTUS_StarkovGeorgiy_SwiftUI */ = {
			isa = PBXGroup;
			children = (
				E3B42A7528C64811009EF37E /* OTUS_StarkovGeorgiy_SwiftUIApp.swift */,
				E3B42A7728C64811009EF37E /* ContentView.swift */,
				E3B42A9028C70AB9009EF37E /* Models */,
				E3B42A9628C70E14009EF37E /* Flow */,
				E3B42A7928C64812009EF37E /* Assets.xcassets */,
				E3B42A7B28C64812009EF37E /* Preview Content */,
			);
			path = OTUS_StarkovGeorgiy_SwiftUI;
			sourceTree = "<group>";
		};
		E3B42A7B28C64812009EF37E /* Preview Content */ = {
			isa = PBXGroup;
			children = (
				E3B42A7C28C64812009EF37E /* Preview Assets.xcassets */,
			);
			path = "Preview Content";
			sourceTree = "<group>";
		};
		E3B42A8328C64BAD009EF37E /* CatalogScreen */ = {
			isa = PBXGroup;
			children = (
				E3B42A9328C70B10009EF37E /* ShopItemsViewModel */,
				E3B42A8728C64C37009EF37E /* CatalogScreen.swift */,
				E3B42A8E28C709DA009EF37E /* ShopItemScreen.swift */,
			);
			path = CatalogScreen;
			sourceTree = "<group>";
		};
		E3B42A8428C64BD4009EF37E /* BasketScreen */ = {
			isa = PBXGroup;
			children = (
				E3B42A8528C64C2B009EF37E /* BasketScreen.swift */,
				E3B42A9728C70F02009EF37E /* ApproveOrderScreen.swift */,
			);
			path = BasketScreen;
			sourceTree = "<group>";
		};
		E3B42A8928C64E7F009EF37E /* MainScreen */ = {
			isa = PBXGroup;
			children = (
				E3B42A8A28C64E90009EF37E /* MainScreen.swift */,
			);
			path = MainScreen;
			sourceTree = "<group>";
		};
		E3B42A9028C70AB9009EF37E /* Models */ = {
			isa = PBXGroup;
			children = (
				E3B42A9128C70AC7009EF37E /* ShopItemModel.swift */,
			);
			path = Models;
			sourceTree = "<group>";
		};
		E3B42A9328C70B10009EF37E /* ShopItemsViewModel */ = {
			isa = PBXGroup;
			children = (
				E3B42A9428C70B2E009EF37E /* ShopItemsViewModel.swift */,
			);
			path = ShopItemsViewModel;
			sourceTree = "<group>";
		};
		E3B42A9628C70E14009EF37E /* Flow */ = {
			isa = PBXGroup;
			children = (
				E3B42A8928C64E7F009EF37E /* MainScreen */,
				E3B42A8328C64BAD009EF37E /* CatalogScreen */,
				E3B42A8428C64BD4009EF37E /* BasketScreen */,
			);
			path = Flow;
			sourceTree = "<group>";
		};
/* End PBXGroup section */

/* Begin PBXNativeTarget section */
		E3B42A7128C64811009EF37E /* OTUS_StarkovGeorgiy_SwiftUI */ = {
			isa = PBXNativeTarget;
			buildConfigurationList = E3B42A8028C64812009EF37E /* Build configuration list for PBXNativeTarget "OTUS_StarkovGeorgiy_SwiftUI" */;
			buildPhases = (
				E3B42A6E28C64811009EF37E /* Sources */,
				E3B42A6F28C64811009EF37E /* Frameworks */,
				E3B42A7028C64811009EF37E /* Resources */,
			);
			buildRules = (
			);
			dependencies = (
			);
			name = OTUS_StarkovGeorgiy_SwiftUI;
			productName = OTUS_StarkovGeorgiy_SwiftUI;
			productReference = E3B42A7228C64811009EF37E /* OTUS_StarkovGeorgiy_SwiftUI.app */;
			productType = "com.apple.product-type.application";
		};
/* End PBXNativeTarget section */

/* Begin PBXProject section */
		E3B42A6A28C64811009EF37E /* Project object */ = {
			isa = PBXProject;
			attributes = {
				BuildIndependentTargetsInParallel = 1;
				LastSwiftUpdateCheck = 1340;
				LastUpgradeCheck = 1340;
				TargetAttributes = {
					E3B42A7128C64811009EF37E = {
						CreatedOnToolsVersion = 13.4.1;
					};
				};
			};
			buildConfigurationList = E3B42A6D28C64811009EF37E /* Build configuration list for PBXProject "OTUS_StarkovGeorgiy_SwiftUI" */;
			compatibilityVersion = "Xcode 13.0";
			developmentRegion = en;
			hasScannedForEncodings = 0;
			knownRegions = (
				en,
				Base,
			);
			mainGroup = E3B42A6928C64811009EF37E;
			productRefGroup = E3B42A7328C64811009EF37E /* Products */;
			projectDirPath = "";
			projectRoot = "";
			targets = (
				E3B42A7128C64811009EF37E /* OTUS_StarkovGeorgiy_SwiftUI */,
			);
		};
/* End PBXProject section */

/* Begin PBXResourcesBuildPhase section */
		E3B42A7028C64811009EF37E /* Resources */ = {
			isa = PBXResourcesBuildPhase;
			buildActionMask = 2147483647;
			files = (
				E3B42A7D28C64812009EF37E /* Preview Assets.xcassets in Resources */,
				E3B42A7A28C64812009EF37E /* Assets.xcassets in Resources */,
			);
			runOnlyForDeploymentPostprocessing = 0;
		};
/* End PBXResourcesBuildPhase section */

/* Begin PBXSourcesBuildPhase section */
		E3B42A6E28C64811009EF37E /* Sources */ = {
			isa = PBXSourcesBuildPhase;
			buildActionMask = 2147483647;
			files = (
				E3B42A9228C70AC7009EF37E /* ShopItemModel.swift in Sources */,
				E3B42A7828C64811009EF37E /* ContentView.swift in Sources */,
				E3B42A9528C70B2E009EF37E /* ShopItemsViewModel.swift in Sources */,
				E3B42A8F28C709DA009EF37E /* ShopItemScreen.swift in Sources */,
				E3B42A8B28C64E90009EF37E /* MainScreen.swift in Sources */,
				E3B42A8828C64C37009EF37E /* CatalogScreen.swift in Sources */,
				E3B42A7628C64811009EF37E /* OTUS_StarkovGeorgiy_SwiftUIApp.swift in Sources */,
				E3B42A9828C70F02009EF37E /* ApproveOrderScreen.swift in Sources */,
				E3B42A8628C64C2B009EF37E /* BasketScreen.swift in Sources */,
			);
			runOnlyForDeploymentPostprocessing = 0;
		};
/* End PBXSourcesBuildPhase section */

/* Begin XCBuildConfiguration section */
		E3B42A7E28C64812009EF37E /* Debug */ = {
			isa = XCBuildConfiguration;
			buildSettings = {
				ALWAYS_SEARCH_USER_PATHS = NO;
				CLANG_ANALYZER_NONNULL = YES;
				CLANG_ANALYZER_NUMBER_OBJECT_CONVERSION = YES_AGGRESSIVE;
				CLANG_CXX_LANGUAGE_STANDARD = "gnu++17";
				CLANG_ENABLE_MODULES = YES;
				CLANG_ENABLE_OBJC_ARC = YES;
				CLANG_ENABLE_OBJC_WEAK = YES;
				CLANG_WARN_BLOCK_CAPTURE_AUTORELEASING = YES;
				CLANG_WARN_BOOL_CONVERSION = YES;
				CLANG_WARN_COMMA = YES;
				CLANG_WARN_CONSTANT_CONVERSION = YES;
				CLANG_WARN_DEPRECATED_OBJC_IMPLEMENTATIONS = YES;
				CLANG_WARN_DIRECT_OBJC_ISA_USAGE = YES_ERROR;
				CLANG_WARN_DOCUMENTATION_COMMENTS = YES;
				CLANG_WARN_EMPTY_BODY = YES;
				CLANG_WARN_ENUM_CONVERSION = YES;
				CLANG_WARN_INFINITE_RECURSION = YES;
				CLANG_WARN_INT_CONVERSION = YES;
				CLANG_WARN_NON_LITERAL_NULL_CONVERSION = YES;
				CLANG_WARN_OBJC_IMPLICIT_RETAIN_SELF = YES;
				CLANG_WARN_OBJC_LITERAL_CONVERSION = YES;
				CLANG_WARN_OBJC_ROOT_CLASS = YES_ERROR;
				CLANG_WARN_QUOTED_INCLUDE_IN_FRAMEWORK_HEADER = YES;
				CLANG_WARN_RANGE_LOOP_ANALYSIS = YES;
				CLANG_WARN_STRICT_PROTOTYPES = YES;
				CLANG_WARN_SUSPICIOUS_MOVE = YES;
				CLANG_WARN_UNGUARDED_AVAILABILITY = YES_AGGRESSIVE;
				CLANG_WARN_UNREACHABLE_CODE = YES;
				CLANG_WARN__DUPLICATE_METHOD_MATCH = YES;
				COPY_PHASE_STRIP = NO;
				DEBUG_INFORMATION_FORMAT = dwarf;
				ENABLE_STRICT_OBJC_MSGSEND = YES;
				ENABLE_TESTABILITY = YES;
				GCC_C_LANGUAGE_STANDARD = gnu11;
				GCC_DYNAMIC_NO_PIC = NO;
				GCC_NO_COMMON_BLOCKS = YES;
				GCC_OPTIMIZATION_LEVEL = 0;
				GCC_PREPROCESSOR_DEFINITIONS = (
					"DEBUG=1",
					"$(inherited)",
				);
				GCC_WARN_64_TO_32_BIT_CONVERSION = YES;
				GCC_WARN_ABOUT_RETURN_TYPE = YES_ERROR;
				GCC_WARN_UNDECLARED_SELECTOR = YES;
				GCC_WARN_UNINITIALIZED_AUTOS = YES_AGGRESSIVE;
				GCC_WARN_UNUSED_FUNCTION = YES;
				GCC_WARN_UNUSED_VARIABLE = YES;
				IPHONEOS_DEPLOYMENT_TARGET = 15.5;
				MTL_ENABLE_DEBUG_INFO = INCLUDE_SOURCE;
				MTL_FAST_MATH = YES;
				ONLY_ACTIVE_ARCH = YES;
				SDKROOT = iphoneos;
				SWIFT_ACTIVE_COMPILATION_CONDITIONS = DEBUG;
				SWIFT_OPTIMIZATION_LEVEL = "-Onone";
			};
			name = Debug;
		};
		E3B42A7F28C64812009EF37E /* Release */ = {
			isa = XCBuildConfiguration;
			buildSettings = {
				ALWAYS_SEARCH_USER_PATHS = NO;
				CLANG_ANALYZER_NONNULL = YES;
				CLANG_ANALYZER_NUMBER_OBJECT_CONVERSION = YES_AGGRESSIVE;
				CLANG_CXX_LANGUAGE_STANDARD = "gnu++17";
				CLANG_ENABLE_MODULES = YES;
				CLANG_ENABLE_OBJC_ARC = YES;
				CLANG_ENABLE_OBJC_WEAK = YES;
				CLANG_WARN_BLOCK_CAPTURE_AUTORELEASING = YES;
				CLANG_WARN_BOOL_CONVERSION = YES;
				CLANG_WARN_COMMA = YES;
				CLANG_WARN_CONSTANT_CONVERSION = YES;
				CLANG_WARN_DEPRECATED_OBJC_IMPLEMENTATIONS = YES;
				CLANG_WARN_DIRECT_OBJC_ISA_USAGE = YES_ERROR;
				CLANG_WARN_DOCUMENTATION_COMMENTS = YES;
				CLANG_WARN_EMPTY_BODY = YES;
				CLANG_WARN_ENUM_CONVERSION = YES;
				CLANG_WARN_INFINITE_RECURSION = YES;
				CLANG_WARN_INT_CONVERSION = YES;
				CLANG_WARN_NON_LITERAL_NULL_CONVERSION = YES;
				CLANG_WARN_OBJC_IMPLICIT_RETAIN_SELF = YES;
				CLANG_WARN_OBJC_LITERAL_CONVERSION = YES;
				CLANG_WARN_OBJC_ROOT_CLASS = YES_ERROR;
				CLANG_WARN_QUOTED_INCLUDE_IN_FRAMEWORK_HEADER = YES;
				CLANG_WARN_RANGE_LOOP_ANALYSIS = YES;
				CLANG_WARN_STRICT_PROTOTYPES = YES;
				CLANG_WARN_SUSPICIOUS_MOVE = YES;
				CLANG_WARN_UNGUARDED_AVAILABILITY = YES_AGGRESSIVE;
				CLANG_WARN_UNREACHABLE_CODE = YES;
				CLANG_WARN__DUPLICATE_METHOD_MATCH = YES;
				COPY_PHASE_STRIP = NO;
				DEBUG_INFORMATION_FORMAT = "dwarf-with-dsym";
				ENABLE_NS_ASSERTIONS = NO;
				ENABLE_STRICT_OBJC_MSGSEND = YES;
				GCC_C_LANGUAGE_STANDARD = gnu11;
				GCC_NO_COMMON_BLOCKS = YES;
				GCC_WARN_64_TO_32_BIT_CONVERSION = YES;
				GCC_WARN_ABOUT_RETURN_TYPE = YES_ERROR;
				GCC_WARN_UNDECLARED_SELECTOR = YES;
				GCC_WARN_UNINITIALIZED_AUTOS = YES_AGGRESSIVE;
				GCC_WARN_UNUSED_FUNCTION = YES;
				GCC_WARN_UNUSED_VARIABLE = YES;
				IPHONEOS_DEPLOYMENT_TARGET = 15.5;
				MTL_ENABLE_DEBUG_INFO = NO;
				MTL_FAST_MATH = YES;
				SDKROOT = iphoneos;
				SWIFT_COMPILATION_MODE = wholemodule;
				SWIFT_OPTIMIZATION_LEVEL = "-O";
				VALIDATE_PRODUCT = YES;
			};
			name = Release;
		};
		E3B42A8128C64812009EF37E /* Debug */ = {
			isa = XCBuildConfiguration;
			buildSettings = {
				ASSETCATALOG_COMPILER_APPICON_NAME = AppIcon;
				ASSETCATALOG_COMPILER_GLOBAL_ACCENT_COLOR_NAME = AccentColor;
				CODE_SIGN_STYLE = Automatic;
				CURRENT_PROJECT_VERSION = 1;
				DEVELOPMENT_ASSET_PATHS = "\"OTUS_StarkovGeorgiy_SwiftUI/Preview Content\"";
				DEVELOPMENT_TEAM = EMZ8N9RRTM;
				ENABLE_PREVIEWS = YES;
				GENERATE_INFOPLIST_FILE = YES;
				INFOPLIST_KEY_UIApplicationSceneManifest_Generation = YES;
				INFOPLIST_KEY_UIApplicationSupportsIndirectInputEvents = YES;
				INFOPLIST_KEY_UILaunchScreen_Generation = YES;
				INFOPLIST_KEY_UISupportedInterfaceOrientations_iPad = "UIInterfaceOrientationPortrait UIInterfaceOrientationPortraitUpsideDown UIInterfaceOrientationLandscapeLeft UIInterfaceOrientationLandscapeRight";
				INFOPLIST_KEY_UISupportedInterfaceOrientations_iPhone = "UIInterfaceOrientationPortrait UIInterfaceOrientationLandscapeLeft UIInterfaceOrientationLandscapeRight";
				LD_RUNPATH_SEARCH_PATHS = (
					"$(inherited)",
					"@executable_path/Frameworks",
				);
				MARKETING_VERSION = 1.0;
				PRODUCT_BUNDLE_IDENTIFIER = "OTUS-StarkovGeorgiy-SwiftUI.OTUS-StarkovGeorgiy-SwiftUI";
				PRODUCT_NAME = "$(TARGET_NAME)";
				SWIFT_EMIT_LOC_STRINGS = YES;
				SWIFT_VERSION = 5.0;
				TARGETED_DEVICE_FAMILY = "1,2";
			};
			name = Debug;
		};
		E3B42A8228C64812009EF37E /* Release */ = {
			isa = XCBuildConfiguration;
			buildSettings = {
				ASSETCATALOG_COMPILER_APPICON_NAME = AppIcon;
				ASSETCATALOG_COMPILER_GLOBAL_ACCENT_COLOR_NAME = AccentColor;
				CODE_SIGN_STYLE = Automatic;
				CURRENT_PROJECT_VERSION = 1;
				DEVELOPMENT_ASSET_PATHS = "\"OTUS_StarkovGeorgiy_SwiftUI/Preview Content\"";
				DEVELOPMENT_TEAM = EMZ8N9RRTM;
				ENABLE_PREVIEWS = YES;
				GENERATE_INFOPLIST_FILE = YES;
				INFOPLIST_KEY_UIApplicationSceneManifest_Generation = YES;
				INFOPLIST_KEY_UIApplicationSupportsIndirectInputEvents = YES;
				INFOPLIST_KEY_UILaunchScreen_Generation = YES;
				INFOPLIST_KEY_UISupportedInterfaceOrientations_iPad = "UIInterfaceOrientationPortrait UIInterfaceOrientationPortraitUpsideDown UIInterfaceOrientationLandscapeLeft UIInterfaceOrientationLandscapeRight";
				INFOPLIST_KEY_UISupportedInterfaceOrientations_iPhone = "UIInterfaceOrientationPortrait UIInterfaceOrientationLandscapeLeft UIInterfaceOrientationLandscapeRight";
				LD_RUNPATH_SEARCH_PATHS = (
					"$(inherited)",
					"@executable_path/Frameworks",
				);
				MARKETING_VERSION = 1.0;
				PRODUCT_BUNDLE_IDENTIFIER = "OTUS-StarkovGeorgiy-SwiftUI.OTUS-StarkovGeorgiy-SwiftUI";
				PRODUCT_NAME = "$(TARGET_NAME)";
				SWIFT_EMIT_LOC_STRINGS = YES;
				SWIFT_VERSION = 5.0;
				TARGETED_DEVICE_FAMILY = "1,2";
			};
			name = Release;
		};
/* End XCBuildConfiguration section */

/* Begin XCConfigurationList section */
		E3B42A6D28C64811009EF37E /* Build configuration list for PBXProject "OTUS_StarkovGeorgiy_SwiftUI" */ = {
			isa = XCConfigurationList;
			buildConfigurations = (
				E3B42A7E28C64812009EF37E /* Debug */,
				E3B42A7F28C64812009EF37E /* Release */,
			);
			defaultConfigurationIsVisible = 0;
			defaultConfigurationName = Release;
		};
		E3B42A8028C64812009EF37E /* Build configuration list for PBXNativeTarget "OTUS_StarkovGeorgiy_SwiftUI" */ = {
			isa = XCConfigurationList;
			buildConfigurations = (
				E3B42A8128C64812009EF37E /* Debug */,
				E3B42A8228C64812009EF37E /* Release */,
			);
			defaultConfigurationIsVisible = 0;
			defaultConfigurationName = Release;
		};
/* End XCConfigurationList section */
	};
	rootObject = E3B42A6A28C64811009EF37E /* Project object */;
}
